// !$*UTF8*$!
{
	archiveVersion = 1;
	classes = {
	};
	objectVersion = 48;
	objects = {

/* Begin PBXBuildFile section */
		044159F32064BA4C0030331A /* AppDelegate.swift in Sources */ = {isa = PBXBuildFile; fileRef = 044159F22064BA4C0030331A /* AppDelegate.swift */; };
		044159F52064BA4C0030331A /* ViewController.swift in Sources */ = {isa = PBXBuildFile; fileRef = 044159F42064BA4C0030331A /* ViewController.swift */; };
		044159F82064BA4C0030331A /* Main.storyboard in Resources */ = {isa = PBXBuildFile; fileRef = 044159F62064BA4C0030331A /* Main.storyboard */; };
		044159FA2064BA4C0030331A /* Assets.xcassets in Resources */ = {isa = PBXBuildFile; fileRef = 044159F92064BA4C0030331A /* Assets.xcassets */; };
		044159FD2064BA4C0030331A /* LaunchScreen.storyboard in Resources */ = {isa = PBXBuildFile; fileRef = 044159FB2064BA4C0030331A /* LaunchScreen.storyboard */; };
		04415A0D2064BB090030331A /* AppFrameWork.h in Headers */ = {isa = PBXBuildFile; fileRef = 04415A0B2064BB090030331A /* AppFrameWork.h */; settings = {ATTRIBUTES = (Public, ); }; };
		04415A102064BB090030331A /* AppFrameWork.framework in Frameworks */ = {isa = PBXBuildFile; fileRef = 04415A092064BB090030331A /* AppFrameWork.framework */; };
		04415A112064BB090030331A /* AppFrameWork.framework in Embed Frameworks */ = {isa = PBXBuildFile; fileRef = 04415A092064BB090030331A /* AppFrameWork.framework */; settings = {ATTRIBUTES = (CodeSignOnCopy, RemoveHeadersOnCopy, ); }; };
		597D4388F8542290D670ECC2 /* Pods_Play.framework in Frameworks */ = {isa = PBXBuildFile; fileRef = 77B5ADFD9ED0EFE05EE37DD8 /* Pods_Play.framework */; };
		5A1FD7FA9C962AFA374CF943 /* Pods_AppFrameWork.framework in Frameworks */ = {isa = PBXBuildFile; fileRef = CD27912F734B6FEE1526562A /* Pods_AppFrameWork.framework */; };
/* End PBXBuildFile section */

/* Begin PBXContainerItemProxy section */
		04415A0E2064BB090030331A /* PBXContainerItemProxy */ = {
			isa = PBXContainerItemProxy;
			containerPortal = 044159E72064BA4C0030331A /* Project object */;
			proxyType = 1;
			remoteGlobalIDString = 04415A082064BB090030331A;
			remoteInfo = AppFrameWork;
		};
/* End PBXContainerItemProxy section */

/* Begin PBXCopyFilesBuildPhase section */
		04415A152064BB090030331A /* Embed Frameworks */ = {
			isa = PBXCopyFilesBuildPhase;
			buildActionMask = 2147483647;
			dstPath = "";
			dstSubfolderSpec = 10;
			files = (
				04415A112064BB090030331A /* AppFrameWork.framework in Embed Frameworks */,
			);
			name = "Embed Frameworks";
			runOnlyForDeploymentPostprocessing = 0;
		};
/* End PBXCopyFilesBuildPhase section */

/* Begin PBXFileReference section */
		044159EF2064BA4C0030331A /* Play.app */ = {isa = PBXFileReference; explicitFileType = wrapper.application; includeInIndex = 0; path = Play.app; sourceTree = BUILT_PRODUCTS_DIR; };
		044159F22064BA4C0030331A /* AppDelegate.swift */ = {isa = PBXFileReference; lastKnownFileType = sourcecode.swift; path = AppDelegate.swift; sourceTree = "<group>"; };
		044159F42064BA4C0030331A /* ViewController.swift */ = {isa = PBXFileReference; lastKnownFileType = sourcecode.swift; path = ViewController.swift; sourceTree = "<group>"; };
		044159F72064BA4C0030331A /* Base */ = {isa = PBXFileReference; lastKnownFileType = file.storyboard; name = Base; path = Base.lproj/Main.storyboard; sourceTree = "<group>"; };
		044159F92064BA4C0030331A /* Assets.xcassets */ = {isa = PBXFileReference; lastKnownFileType = folder.assetcatalog; path = Assets.xcassets; sourceTree = "<group>"; };
		044159FC2064BA4C0030331A /* Base */ = {isa = PBXFileReference; lastKnownFileType = file.storyboard; name = Base; path = Base.lproj/LaunchScreen.storyboard; sourceTree = "<group>"; };
		044159FE2064BA4C0030331A /* Info.plist */ = {isa = PBXFileReference; lastKnownFileType = text.plist.xml; path = Info.plist; sourceTree = "<group>"; };
		04415A092064BB090030331A /* AppFrameWork.framework */ = {isa = PBXFileReference; explicitFileType = wrapper.framework; includeInIndex = 0; path = AppFrameWork.framework; sourceTree = BUILT_PRODUCTS_DIR; };
		04415A0B2064BB090030331A /* AppFrameWork.h */ = {isa = PBXFileReference; lastKnownFileType = sourcecode.c.h; path = AppFrameWork.h; sourceTree = "<group>"; };
		04415A0C2064BB090030331A /* Info.plist */ = {isa = PBXFileReference; lastKnownFileType = text.plist.xml; path = Info.plist; sourceTree = "<group>"; };
		18F1F3ABA4248EEF7732AAF8 /* Pods-Play.release.xcconfig */ = {isa = PBXFileReference; includeInIndex = 1; lastKnownFileType = text.xcconfig; name = "Pods-Play.release.xcconfig"; path = "Pods/Target Support Files/Pods-Play/Pods-Play.release.xcconfig"; sourceTree = "<group>"; };
		77B5ADFD9ED0EFE05EE37DD8 /* Pods_Play.framework */ = {isa = PBXFileReference; explicitFileType = wrapper.framework; includeInIndex = 0; path = Pods_Play.framework; sourceTree = BUILT_PRODUCTS_DIR; };
		BE3823E088FDF14ACA5F1157 /* Pods-Play.debug.xcconfig */ = {isa = PBXFileReference; includeInIndex = 1; lastKnownFileType = text.xcconfig; name = "Pods-Play.debug.xcconfig"; path = "Pods/Target Support Files/Pods-Play/Pods-Play.debug.xcconfig"; sourceTree = "<group>"; };
		C5EC5A7671C54DB5A1B55E40 /* Pods-AppFrameWork.debug.xcconfig */ = {isa = PBXFileReference; includeInIndex = 1; lastKnownFileType = text.xcconfig; name = "Pods-AppFrameWork.debug.xcconfig"; path = "Pods/Target Support Files/Pods-AppFrameWork/Pods-AppFrameWork.debug.xcconfig"; sourceTree = "<group>"; };
		C7070A84E2A47B6620E13F7E /* Pods-AppFrameWork.release.xcconfig */ = {isa = PBXFileReference; includeInIndex = 1; lastKnownFileType = text.xcconfig; name = "Pods-AppFrameWork.release.xcconfig"; path = "Pods/Target Support Files/Pods-AppFrameWork/Pods-AppFrameWork.release.xcconfig"; sourceTree = "<group>"; };
		CD27912F734B6FEE1526562A /* Pods_AppFrameWork.framework */ = {isa = PBXFileReference; explicitFileType = wrapper.framework; includeInIndex = 0; path = Pods_AppFrameWork.framework; sourceTree = BUILT_PRODUCTS_DIR; };
/* End PBXFileReference section */

/* Begin PBXFrameworksBuildPhase section */
		044159EC2064BA4C0030331A /* Frameworks */ = {
			isa = PBXFrameworksBuildPhase;
			buildActionMask = 2147483647;
			files = (
				597D4388F8542290D670ECC2 /* Pods_Play.framework in Frameworks */,
				04415A102064BB090030331A /* AppFrameWork.framework in Frameworks */,
			);
			runOnlyForDeploymentPostprocessing = 0;
		};
		04415A052064BB090030331A /* Frameworks */ = {
			isa = PBXFrameworksBuildPhase;
			buildActionMask = 2147483647;
			files = (
				5A1FD7FA9C962AFA374CF943 /* Pods_AppFrameWork.framework in Frameworks */,
			);
			runOnlyForDeploymentPostprocessing = 0;
		};
/* End PBXFrameworksBuildPhase section */

/* Begin PBXGroup section */
		044159E62064BA4C0030331A = {
			isa = PBXGroup;
			children = (
				044159F12064BA4C0030331A /* Play */,
				04415A0A2064BB090030331A /* AppFrameWork */,
				044159F02064BA4C0030331A /* Products */,
				7F197D7A8291AA6C4570C6FE /* Pods */,
				981E36DDD39716922C027145 /* Frameworks */,
			);
			sourceTree = "<group>";
		};
		044159F02064BA4C0030331A /* Products */ = {
			isa = PBXGroup;
			children = (
				044159EF2064BA4C0030331A /* Play.app */,
				04415A092064BB090030331A /* AppFrameWork.framework */,
			);
			name = Products;
			sourceTree = "<group>";
		};
		044159F12064BA4C0030331A /* Play */ = {
			isa = PBXGroup;
			children = (
				044159F22064BA4C0030331A /* AppDelegate.swift */,
				044159F42064BA4C0030331A /* ViewController.swift */,
				044159F62064BA4C0030331A /* Main.storyboard */,
				044159F92064BA4C0030331A /* Assets.xcassets */,
				044159FB2064BA4C0030331A /* LaunchScreen.storyboard */,
				044159FE2064BA4C0030331A /* Info.plist */,
			);
			path = Play;
			sourceTree = "<group>";
		};
		04415A0A2064BB090030331A /* AppFrameWork */ = {
			isa = PBXGroup;
			children = (
				04415A0B2064BB090030331A /* AppFrameWork.h */,
				04415A0C2064BB090030331A /* Info.plist */,
			);
			path = AppFrameWork;
			sourceTree = "<group>";
		};
		7F197D7A8291AA6C4570C6FE /* Pods */ = {
			isa = PBXGroup;
			children = (
				BE3823E088FDF14ACA5F1157 /* Pods-Play.debug.xcconfig */,
				18F1F3ABA4248EEF7732AAF8 /* Pods-Play.release.xcconfig */,
				C5EC5A7671C54DB5A1B55E40 /* Pods-AppFrameWork.debug.xcconfig */,
				C7070A84E2A47B6620E13F7E /* Pods-AppFrameWork.release.xcconfig */,
			);
			name = Pods;
			sourceTree = "<group>";
		};
		981E36DDD39716922C027145 /* Frameworks */ = {
			isa = PBXGroup;
			children = (
				77B5ADFD9ED0EFE05EE37DD8 /* Pods_Play.framework */,
				CD27912F734B6FEE1526562A /* Pods_AppFrameWork.framework */,
			);
			name = Frameworks;
			sourceTree = "<group>";
		};
/* End PBXGroup section */

/* Begin PBXHeadersBuildPhase section */
		04415A062064BB090030331A /* Headers */ = {
			isa = PBXHeadersBuildPhase;
			buildActionMask = 2147483647;
			files = (
				04415A0D2064BB090030331A /* AppFrameWork.h in Headers */,
			);
			runOnlyForDeploymentPostprocessing = 0;
		};
/* End PBXHeadersBuildPhase section */

/* Begin PBXNativeTarget section */
		044159EE2064BA4C0030331A /* Play */ = {
			isa = PBXNativeTarget;
			buildConfigurationList = 04415A012064BA4C0030331A /* Build configuration list for PBXNativeTarget "Play" */;
			buildPhases = (
				1397F0423F1AD559A4437FD5 /* [CP] Check Pods Manifest.lock */,
				044159EB2064BA4C0030331A /* Sources */,
				044159EC2064BA4C0030331A /* Frameworks */,
				044159ED2064BA4C0030331A /* Resources */,
				E9B559AFC81D48E6CF7F256A /* [CP] Embed Pods Frameworks */,
				5150192C9D8B0E92DB9AAAEA /* [CP] Copy Pods Resources */,
				04415A152064BB090030331A /* Embed Frameworks */,
			);
			buildRules = (
			);
			dependencies = (
				04415A0F2064BB090030331A /* PBXTargetDependency */,
			);
			name = Play;
			productName = Play;
			productReference = 044159EF2064BA4C0030331A /* Play.app */;
			productType = "com.apple.product-type.application";
		};
		04415A082064BB090030331A /* AppFrameWork */ = {
			isa = PBXNativeTarget;
			buildConfigurationList = 04415A142064BB090030331A /* Build configuration list for PBXNativeTarget "AppFrameWork" */;
			buildPhases = (
				86AFC62BF9FDC285E5EAD41D /* [CP] Check Pods Manifest.lock */,
				04415A042064BB090030331A /* Sources */,
				04415A052064BB090030331A /* Frameworks */,
				04415A062064BB090030331A /* Headers */,
				04415A072064BB090030331A /* Resources */,
				82504AA32989A475FC0EDC0D /* [CP] Copy Pods Resources */,
			);
			buildRules = (
			);
			dependencies = (
			);
			name = AppFrameWork;
			productName = AppFrameWork;
			productReference = 04415A092064BB090030331A /* AppFrameWork.framework */;
			productType = "com.apple.product-type.framework";
		};
/* End PBXNativeTarget section */

/* Begin PBXProject section */
		044159E72064BA4C0030331A /* Project object */ = {
			isa = PBXProject;
			attributes = {
				LastSwiftUpdateCheck = 0900;
				LastUpgradeCheck = 0900;
				ORGANIZATIONNAME = MeG;
				TargetAttributes = {
					044159EE2064BA4C0030331A = {
						CreatedOnToolsVersion = 9.0;
						ProvisioningStyle = Automatic;
					};
					04415A082064BB090030331A = {
						CreatedOnToolsVersion = 9.0;
						ProvisioningStyle = Automatic;
					};
				};
			};
			buildConfigurationList = 044159EA2064BA4C0030331A /* Build configuration list for PBXProject "Play" */;
			compatibilityVersion = "Xcode 8.0";
			developmentRegion = en;
			hasScannedForEncodings = 0;
			knownRegions = (
				en,
				Base,
			);
			mainGroup = 044159E62064BA4C0030331A;
			productRefGroup = 044159F02064BA4C0030331A /* Products */;
			projectDirPath = "";
			projectRoot = "";
			targets = (
				044159EE2064BA4C0030331A /* Play */,
				04415A082064BB090030331A /* AppFrameWork */,
			);
		};
/* End PBXProject section */

/* Begin PBXResourcesBuildPhase section */
		044159ED2064BA4C0030331A /* Resources */ = {
			isa = PBXResourcesBuildPhase;
			buildActionMask = 2147483647;
			files = (
				044159FD2064BA4C0030331A /* LaunchScreen.storyboard in Resources */,
				044159FA2064BA4C0030331A /* Assets.xcassets in Resources */,
				044159F82064BA4C0030331A /* Main.storyboard in Resources */,
			);
			runOnlyForDeploymentPostprocessing = 0;
		};
		04415A072064BB090030331A /* Resources */ = {
			isa = PBXResourcesBuildPhase;
			buildActionMask = 2147483647;
			files = (
			);
			runOnlyForDeploymentPostprocessing = 0;
		};
/* End PBXResourcesBuildPhase section */

/* Begin PBXShellScriptBuildPhase section */
		1397F0423F1AD559A4437FD5 /* [CP] Check Pods Manifest.lock */ = {
			isa = PBXShellScriptBuildPhase;
			buildActionMask = 2147483647;
			files = (
			);
			inputPaths = (
				"${PODS_PODFILE_DIR_PATH}/Podfile.lock",
				"${PODS_ROOT}/Manifest.lock",
			);
			name = "[CP] Check Pods Manifest.lock";
			outputPaths = (
				"$(DERIVED_FILE_DIR)/Pods-Play-checkManifestLockResult.txt",
			);
			runOnlyForDeploymentPostprocessing = 0;
			shellPath = /bin/sh;
			shellScript = "diff \"${PODS_PODFILE_DIR_PATH}/Podfile.lock\" \"${PODS_ROOT}/Manifest.lock\" > /dev/null\nif [ $? != 0 ] ; then\n    # print error to STDERR\n    echo \"error: The sandbox is not in sync with the Podfile.lock. Run 'pod install' or update your CocoaPods installation.\" >&2\n    exit 1\nfi\n# This output is used by Xcode 'outputs' to avoid re-running this script phase.\necho \"SUCCESS\" > \"${SCRIPT_OUTPUT_FILE_0}\"\n";
			showEnvVarsInLog = 0;
		};
		5150192C9D8B0E92DB9AAAEA /* [CP] Copy Pods Resources */ = {
			isa = PBXShellScriptBuildPhase;
			buildActionMask = 2147483647;
			files = (
			);
			inputPaths = (
			);
			name = "[CP] Copy Pods Resources";
			outputPaths = (
			);
			runOnlyForDeploymentPostprocessing = 0;
			shellPath = /bin/sh;
			shellScript = "\"${SRCROOT}/Pods/Target Support Files/Pods-Play/Pods-Play-resources.sh\"\n";
			showEnvVarsInLog = 0;
		};
		82504AA32989A475FC0EDC0D /* [CP] Copy Pods Resources */ = {
			isa = PBXShellScriptBuildPhase;
			buildActionMask = 2147483647;
			files = (
			);
			inputPaths = (
			);
			name = "[CP] Copy Pods Resources";
			outputPaths = (
			);
			runOnlyForDeploymentPostprocessing = 0;
			shellPath = /bin/sh;
			shellScript = "\"${SRCROOT}/Pods/Target Support Files/Pods-AppFrameWork/Pods-AppFrameWork-resources.sh\"\n";
			showEnvVarsInLog = 0;
		};
		86AFC62BF9FDC285E5EAD41D /* [CP] Check Pods Manifest.lock */ = {
			isa = PBXShellScriptBuildPhase;
			buildActionMask = 2147483647;
			files = (
			);
			inputPaths = (
				"${PODS_PODFILE_DIR_PATH}/Podfile.lock",
				"${PODS_ROOT}/Manifest.lock",
			);
			name = "[CP] Check Pods Manifest.lock";
			outputPaths = (
				"$(DERIVED_FILE_DIR)/Pods-AppFrameWork-checkManifestLockResult.txt",
			);
			runOnlyForDeploymentPostprocessing = 0;
			shellPath = /bin/sh;
			shellScript = "diff \"${PODS_PODFILE_DIR_PATH}/Podfile.lock\" \"${PODS_ROOT}/Manifest.lock\" > /dev/null\nif [ $? != 0 ] ; then\n    # print error to STDERR\n    echo \"error: The sandbox is not in sync with the Podfile.lock. Run 'pod install' or update your CocoaPods installation.\" >&2\n    exit 1\nfi\n# This output is used by Xcode 'outputs' to avoid re-running this script phase.\necho \"SUCCESS\" > \"${SCRIPT_OUTPUT_FILE_0}\"\n";
			showEnvVarsInLog = 0;
		};
		E9B559AFC81D48E6CF7F256A /* [CP] Embed Pods Frameworks */ = {
			isa = PBXShellScriptBuildPhase;
			buildActionMask = 2147483647;
			files = (
			);
			inputPaths = (
				"${SRCROOT}/Pods/Target Support Files/Pods-Play/Pods-Play-frameworks.sh",
				"${BUILT_PRODUCTS_DIR}/Socket.IO-Client-Swift/SocketIO.framework",
				"${BUILT_PRODUCTS_DIR}/Socket.swift/SocketSwift.framework",
				"${BUILT_PRODUCTS_DIR}/Starscream/Starscream.framework",
				"${BUILT_PRODUCTS_DIR}/SwiftSocket/SwiftSocket.framework",
			);
			name = "[CP] Embed Pods Frameworks";
			outputPaths = (
				"${TARGET_BUILD_DIR}/${FRAMEWORKS_FOLDER_PATH}/SocketIO.framework",
				"${TARGET_BUILD_DIR}/${FRAMEWORKS_FOLDER_PATH}/SocketSwift.framework",
				"${TARGET_BUILD_DIR}/${FRAMEWORKS_FOLDER_PATH}/Starscream.framework",
				"${TARGET_BUILD_DIR}/${FRAMEWORKS_FOLDER_PATH}/SwiftSocket.framework",
			);
			runOnlyForDeploymentPostprocessing = 0;
			shellPath = /bin/sh;
			shellScript = "\"${SRCROOT}/Pods/Target Support Files/Pods-Play/Pods-Play-frameworks.sh\"\n";
			showEnvVarsInLog = 0;
		};
/* End PBXShellScriptBuildPhase section */

/* Begin PBXSourcesBuildPhase section */
		044159EB2064BA4C0030331A /* Sources */ = {
			isa = PBXSourcesBuildPhase;
			buildActionMask = 2147483647;
			files = (
				044159F52064BA4C0030331A /* ViewController.swift in Sources */,
				044159F32064BA4C0030331A /* AppDelegate.swift in Sources */,
			);
			runOnlyForDeploymentPostprocessing = 0;
		};
		04415A042064BB090030331A /* Sources */ = {
			isa = PBXSourcesBuildPhase;
			buildActionMask = 2147483647;
			files = (
			);
			runOnlyForDeploymentPostprocessing = 0;
		};
/* End PBXSourcesBuildPhase section */

/* Begin PBXTargetDependency section */
		04415A0F2064BB090030331A /* PBXTargetDependency */ = {
			isa = PBXTargetDependency;
			target = 04415A082064BB090030331A /* AppFrameWork */;
			targetProxy = 04415A0E2064BB090030331A /* PBXContainerItemProxy */;
		};
/* End PBXTargetDependency section */

/* Begin PBXVariantGroup section */
		044159F62064BA4C0030331A /* Main.storyboard */ = {
			isa = PBXVariantGroup;
			children = (
				044159F72064BA4C0030331A /* Base */,
			);
			name = Main.storyboard;
			sourceTree = "<group>";
		};
		044159FB2064BA4C0030331A /* LaunchScreen.storyboard */ = {
			isa = PBXVariantGroup;
			children = (
				044159FC2064BA4C0030331A /* Base */,
			);
			name = LaunchScreen.storyboard;
			sourceTree = "<group>";
		};
/* End PBXVariantGroup section */

/* Begin XCBuildConfiguration section */
		044159FF2064BA4C0030331A /* Debug */ = {
			isa = XCBuildConfiguration;
			buildSettings = {
				ALWAYS_SEARCH_USER_PATHS = NO;
				CLANG_ANALYZER_NONNULL = YES;
				CLANG_ANALYZER_NUMBER_OBJECT_CONVERSION = YES_AGGRESSIVE;
				CLANG_CXX_LANGUAGE_STANDARD = "gnu++14";
				CLANG_CXX_LIBRARY = "libc++";
				CLANG_ENABLE_MODULES = YES;
				CLANG_ENABLE_OBJC_ARC = YES;
				CLANG_WARN_BLOCK_CAPTURE_AUTORELEASING = YES;
				CLANG_WARN_BOOL_CONVERSION = YES;
				CLANG_WARN_COMMA = YES;
				CLANG_WARN_CONSTANT_CONVERSION = YES;
				CLANG_WARN_DIRECT_OBJC_ISA_USAGE = YES_ERROR;
				CLANG_WARN_DOCUMENTATION_COMMENTS = YES;
				CLANG_WARN_EMPTY_BODY = YES;
				CLANG_WARN_ENUM_CONVERSION = YES;
				CLANG_WARN_INFINITE_RECURSION = YES;
				CLANG_WARN_INT_CONVERSION = YES;
				CLANG_WARN_NON_LITERAL_NULL_CONVERSION = YES;
				CLANG_WARN_OBJC_LITERAL_CONVERSION = YES;
				CLANG_WARN_OBJC_ROOT_CLASS = YES_ERROR;
				CLANG_WARN_RANGE_LOOP_ANALYSIS = YES;
				CLANG_WARN_STRICT_PROTOTYPES = YES;
				CLANG_WARN_SUSPICIOUS_MOVE = YES;
				CLANG_WARN_UNGUARDED_AVAILABILITY = YES_AGGRESSIVE;
				CLANG_WARN_UNREACHABLE_CODE = YES;
				CLANG_WARN__DUPLICATE_METHOD_MATCH = YES;
				CODE_SIGN_IDENTITY = "iPhone Developer";
				COPY_PHASE_STRIP = NO;
				DEBUG_INFORMATION_FORMAT = dwarf;
				ENABLE_STRICT_OBJC_MSGSEND = YES;
				ENABLE_TESTABILITY = YES;
				GCC_C_LANGUAGE_STANDARD = gnu11;
				GCC_DYNAMIC_NO_PIC = NO;
				GCC_NO_COMMON_BLOCKS = YES;
				GCC_OPTIMIZATION_LEVEL = 0;
				GCC_PREPROCESSOR_DEFINITIONS = (
					"DEBUG=1",
					"$(inherited)",
				);
				GCC_WARN_64_TO_32_BIT_CONVERSION = YES;
				GCC_WARN_ABOUT_RETURN_TYPE = YES_ERROR;
				GCC_WARN_UNDECLARED_SELECTOR = YES;
				GCC_WARN_UNINITIALIZED_AUTOS = YES_AGGRESSIVE;
				GCC_WARN_UNUSED_FUNCTION = YES;
				GCC_WARN_UNUSED_VARIABLE = YES;
				IPHONEOS_DEPLOYMENT_TARGET = 11.0;
				MTL_ENABLE_DEBUG_INFO = YES;
				ONLY_ACTIVE_ARCH = YES;
				SDKROOT = iphoneos;
				SWIFT_ACTIVE_COMPILATION_CONDITIONS = DEBUG;
				SWIFT_OPTIMIZATION_LEVEL = "-Onone";
			};
			name = Debug;
		};
		04415A002064BA4C0030331A /* Release */ = {
			isa = XCBuildConfiguration;
			buildSettings = {
				ALWAYS_SEARCH_USER_PATHS = NO;
				CLANG_ANALYZER_NONNULL = YES;
				CLANG_ANALYZER_NUMBER_OBJECT_CONVERSION = YES_AGGRESSIVE;
				CLANG_CXX_LANGUAGE_STANDARD = "gnu++14";
				CLANG_CXX_LIBRARY = "libc++";
				CLANG_ENABLE_MODULES = YES;
				CLANG_ENABLE_OBJC_ARC = YES;
				CLANG_WARN_BLOCK_CAPTURE_AUTORELEASING = YES;
				CLANG_WARN_BOOL_CONVERSION = YES;
				CLANG_WARN_COMMA = YES;
				CLANG_WARN_CONSTANT_CONVERSION = YES;
				CLANG_WARN_DIRECT_OBJC_ISA_USAGE = YES_ERROR;
				CLANG_WARN_DOCUMENTATION_COMMENTS = YES;
				CLANG_WARN_EMPTY_BODY = YES;
				CLANG_WARN_ENUM_CONVERSION = YES;
				CLANG_WARN_INFINITE_RECURSION = YES;
				CLANG_WARN_INT_CONVERSION = YES;
				CLANG_WARN_NON_LITERAL_NULL_CONVERSION = YES;
				CLANG_WARN_OBJC_LITERAL_CONVERSION = YES;
				CLANG_WARN_OBJC_ROOT_CLASS = YES_ERROR;
				CLANG_WARN_RANGE_LOOP_ANALYSIS = YES;
				CLANG_WARN_STRICT_PROTOTYPES = YES;
				CLANG_WARN_SUSPICIOUS_MOVE = YES;
				CLANG_WARN_UNGUARDED_AVAILABILITY = YES_AGGRESSIVE;
				CLANG_WARN_UNREACHABLE_CODE = YES;
				CLANG_WARN__DUPLICATE_METHOD_MATCH = YES;
				CODE_SIGN_IDENTITY = "iPhone Developer";
				COPY_PHASE_STRIP = NO;
				DEBUG_INFORMATION_FORMAT = "dwarf-with-dsym";
				ENABLE_NS_ASSERTIONS = NO;
				ENABLE_STRICT_OBJC_MSGSEND = YES;
				GCC_C_LANGUAGE_STANDARD = gnu11;
				GCC_NO_COMMON_BLOCKS = YES;
				GCC_WARN_64_TO_32_BIT_CONVERSION = YES;
				GCC_WARN_ABOUT_RETURN_TYPE = YES_ERROR;
				GCC_WARN_UNDECLARED_SELECTOR = YES;
				GCC_WARN_UNINITIALIZED_AUTOS = YES_AGGRESSIVE;
				GCC_WARN_UNUSED_FUNCTION = YES;
				GCC_WARN_UNUSED_VARIABLE = YES;
				IPHONEOS_DEPLOYMENT_TARGET = 11.0;
				MTL_ENABLE_DEBUG_INFO = NO;
				SDKROOT = iphoneos;
				SWIFT_OPTIMIZATION_LEVEL = "-Owholemodule";
				VALIDATE_PRODUCT = YES;
			};
			name = Release;
		};
		04415A022064BA4C0030331A /* Debug */ = {
			isa = XCBuildConfiguration;
			baseConfigurationReference = BE3823E088FDF14ACA5F1157 /* Pods-Play.debug.xcconfig */;
			buildSettings = {
				ASSETCATALOG_COMPILER_APPICON_NAME = AppIcon;
				CODE_SIGN_STYLE = Automatic;
				DEVELOPMENT_TEAM = QHGYTA6AZY;
				INFOPLIST_FILE = Play/Info.plist;
				LD_RUNPATH_SEARCH_PATHS = "$(inherited) @executable_path/Frameworks";
				PRODUCT_BUNDLE_IDENTIFIER = au.edu.unimelb.eresearch.Play;
				PRODUCT_NAME = "$(TARGET_NAME)";
				SWIFT_VERSION = 4.0;
				TARGETED_DEVICE_FAMILY = "1,2";
			};
			name = Debug;
		};
		04415A032064BA4C0030331A /* Release */ = {
			isa = XCBuildConfiguration;
			baseConfigurationReference = 18F1F3ABA4248EEF7732AAF8 /* Pods-Play.release.xcconfig */;
			buildSettings = {
				ASSETCATALOG_COMPILER_APPICON_NAME = AppIcon;
				CODE_SIGN_STYLE = Automatic;
				DEVELOPMENT_TEAM = QHGYTA6AZY;
				INFOPLIST_FILE = Play/Info.plist;
				LD_RUNPATH_SEARCH_PATHS = "$(inherited) @executable_path/Frameworks";
				PRODUCT_BUNDLE_IDENTIFIER = au.edu.unimelb.eresearch.Play;
				PRODUCT_NAME = "$(TARGET_NAME)";
				SWIFT_VERSION = 4.0;
				TARGETED_DEVICE_FAMILY = "1,2";
			};
			name = Release;
		};
		04415A122064BB090030331A /* Debug */ = {
			isa = XCBuildConfiguration;
			baseConfigurationReference = C5EC5A7671C54DB5A1B55E40 /* Pods-AppFrameWork.debug.xcconfig */;
			buildSettings = {
				CODE_SIGN_IDENTITY = "";
				CODE_SIGN_STYLE = Automatic;
				CURRENT_PROJECT_VERSION = 1;
				DEFINES_MODULE = YES;
				DEVELOPMENT_TEAM = QHGYTA6AZY;
				DYLIB_COMPATIBILITY_VERSION = 1;
				DYLIB_CURRENT_VERSION = 1;
				DYLIB_INSTALL_NAME_BASE = "@rpath";
				INFOPLIST_FILE = AppFrameWork/Info.plist;
				INSTALL_PATH = "$(LOCAL_LIBRARY_DIR)/Frameworks";
				LD_RUNPATH_SEARCH_PATHS = "$(inherited) @executable_path/Frameworks @loader_path/Frameworks";
				PRODUCT_BUNDLE_IDENTIFIER = au.edu.unimelb.eresearch.AppFrameWork;
				PRODUCT_NAME = "$(TARGET_NAME:c99extidentifier)";
				SKIP_INSTALL = YES;
				SWIFT_VERSION = 4.0;
				TARGETED_DEVICE_FAMILY = "1,2";
				VERSIONING_SYSTEM = "apple-generic";
				VERSION_INFO_PREFIX = "";
			};
			name = Debug;
		};
		04415A132064BB090030331A /* Release */ = {
			isa = XCBuildConfiguration;
			baseConfigurationReference = C7070A84E2A47B6620E13F7E /* Pods-AppFrameWork.release.xcconfig */;
			buildSettings = {
				CODE_SIGN_IDENTITY = "";
				CODE_SIGN_STYLE = Automatic;
				CURRENT_PROJECT_VERSION = 1;
				DEFINES_MODULE = YES;
				DEVELOPMENT_TEAM = QHGYTA6AZY;
				DYLIB_COMPATIBILITY_VERSION = 1;
				DYLIB_CURRENT_VERSION = 1;
				DYLIB_INSTALL_NAME_BASE = "@rpath";
				INFOPLIST_FILE = AppFrameWork/Info.plist;
				INSTALL_PATH = "$(LOCAL_LIBRARY_DIR)/Frameworks";
				LD_RUNPATH_SEARCH_PATHS = "$(inherited) @executable_path/Frameworks @loader_path/Frameworks";
				PRODUCT_BUNDLE_IDENTIFIER = au.edu.unimelb.eresearch.AppFrameWork;
				PRODUCT_NAME = "$(TARGET_NAME:c99extidentifier)";
				SKIP_INSTALL = YES;
				SWIFT_VERSION = 4.0;
				TARGETED_DEVICE_FAMILY = "1,2";
				VERSIONING_SYSTEM = "apple-generic";
				VERSION_INFO_PREFIX = "";
			};
			name = Release;
		};
/* End XCBuildConfiguration section */

/* Begin XCConfigurationList section */
		044159EA2064BA4C0030331A /* Build configuration list for PBXProject "Play" */ = {
			isa = XCConfigurationList;
			buildConfigurations = (
				044159FF2064BA4C0030331A /* Debug */,
				04415A002064BA4C0030331A /* Release */,
			);
			defaultConfigurationIsVisible = 0;
			defaultConfigurationName = Release;
		};
		04415A012064BA4C0030331A /* Build configuration list for PBXNativeTarget "Play" */ = {
			isa = XCConfigurationList;
			buildConfigurations = (
				04415A022064BA4C0030331A /* Debug */,
				04415A032064BA4C0030331A /* Release */,
			);
			defaultConfigurationIsVisible = 0;
			defaultConfigurationName = Release;
		};
		04415A142064BB090030331A /* Build configuration list for PBXNativeTarget "AppFrameWork" */ = {
			isa = XCConfigurationList;
			buildConfigurations = (
				04415A122064BB090030331A /* Debug */,
				04415A132064BB090030331A /* Release */,
			);
			defaultConfigurationIsVisible = 0;
			defaultConfigurationName = Release;
		};
/* End XCConfigurationList section */
	};
	rootObject = 044159E72064BA4C0030331A /* Project object */;
}
